
Microsoft Visual Studio Solution File, Format Version 12.00
# Visual Studio Express 2012 for Windows Desktop
Project("{FAE04EC0-301F-11D3-BF4B-00C04F79EFBC}") = "ISU", "ISU\ISU.csproj", "{F50A3D20-5111-49EF-8A25-A53CD589DF07}"
EndProject
Global
	GlobalSection(SolutionConfigurationPlatforms) = preSolution
		Debug|Any CPU = Debug|Any CPU
		Release|Any CPU = Release|Any CPU
	EndGlobalSection
	GlobalSection(ProjectConfigurationPlatforms) = postSolution
		{F50A3D20-5111-49EF-8A25-A53CD589DF07}.Debug|Any CPU.ActiveCfg = Debug|Any CPU
		{F50A3D20-5111-49EF-8A25-A53CD589DF07}.Debug|Any CPU.Build.0 = Debug|Any CPU
		{F50A3D20-5111-49EF-8A25-A53CD589DF07}.Release|Any CPU.ActiveCfg = Release|Any CPU
		{F50A3D20-5111-49EF-8A25-A53CD589DF07}.Release|Any CPU.Build.0 = Release|Any CPU
	EndGlobalSection
	GlobalSection(SolutionProperties) = preSolution
		HideSolutionNode = FALSE
	EndGlobalSection
EndGlobal
